{
    "_meta": {
        "hash": {
            "sha256": "8d3a2133681716dea6127966454b1f7247e23568e042e126fb5a9b6b9c38b497"
        },
        "pipfile-spec": 6,
        "requires": {
            "python_version": "3.6"
        },
        "sources": [
            {
                "name": "pypi",
                "url": "https://pypi.org/simple",
                "verify_ssl": true
            }
        ]
    },
    "default": {
        "argcomplete": {
            "hashes": [
                "sha256:c079ceb0b72d4d4e03531ed77e6071babb9d42c3f790d7def2c41295b4990b44",
                "sha256:d97b7f3cfaa4e494ad59ed6d04c938fc5ed69b590bd8f53274e258fb1119bd1b"
            ],
            "index": "pypi",
            "version": "==1.9.3"
        },
        "astroid": {
            "hashes": [
                "sha256:35b032003d6a863f5dcd7ec11abd5cd5893428beaa31ab164982403bcb311f22",
                "sha256:6a5d668d7dc69110de01cdf7aeec69a679ef486862a0850cc0fd5571505b6b7e"
            ],
            "index": "pypi",
            "version": "==2.1.0"
        },
        "awscli": {
            "hashes": [
                "sha256:11ce68e9abc9f19d307fe095bb99508ba30e6b0de3367845bf3a2fea8ffa14e5",
                "sha256:a7445b7e39ebdf390d8e2d1e0bffb40f6ab5859b94a0266b286a5468bd4295a7"
            ],
            "index": "pypi",
            "version": "==1.16.101"
        },
        "boto3": {
            "hashes": [
                "sha256:428c6d535f373a7203ed7ec687bb826b88e62de7befc3816e0aacd305f7572a2",
                "sha256:4a693170c79b4275d8bb6884e9930c82e6bb4e303597ca545f288333db77c6a7"
            ],
            "index": "pypi",
            "version": "==1.9.91"
        },
        "botocore": {
            "hashes": [
                "sha256:4ca7da7128915d7ac149e12f8a3efeb4e590793189cabe0bcd3c3eee5b84f656",
                "sha256:bd788c6ebae55db17d9cc125fa3817fddb20d3fc8bd15791995d82c466238a3b"
            ],
            "index": "pypi",
            "version": "==1.12.91"
        },
        "certifi": {
            "hashes": [
                "sha256:47f9c83ef4c0c621eaef743f133f09fa8a74a9b75f037e8624f83bd1b6626cb7",
                "sha256:993f830721089fef441cdfeb4b2c8c9df86f0c63239f06bd025a76a7daddb033"
            ],
            "index": "pypi",
            "version": "==2018.11.29"
        },
        "cfn-flip": {
            "hashes": [
                "sha256:0b3378255f331b2b987cb7ec99e44b1c51a7cdf51e9e0a8e49df85cd8caa0d9f",
                "sha256:9371be744f202af907c9d39cc3ffd3c6014013ae66e75eba32005b2e650c209b"
            ],
            "index": "pypi",
            "version": "==1.1.0.post1"
        },
        "chardet": {
            "hashes": [
                "sha256:84ab92ed1c4d4f16916e05906b6b75a6c0fb5db821cc65e70cbd64a3e2a5eaae",
                "sha256:fc323ffcaeaed0e0a02bf4d117757b98aed530d9ed4531e3e15460124c106691"
            ],
            "index": "pypi",
            "version": "==3.0.4"
        },
        "click": {
            "hashes": [
                "sha256:2335065e6395b9e67ca716de5f7526736bfa6ceead690adf616d925bdc622b13",
                "sha256:5b94b49521f6456670fdb30cd82a4eca9412788a93fa6dd6df72c94d5a8ff2d7"
            ],
            "index": "pypi",
            "version": "==7.0"
        },
        "colorama": {
            "hashes": [
                "sha256:463f8483208e921368c9f306094eb6f725c6ca42b0f97e313cb5d5512459feda",
                "sha256:48eb22f4f8461b1df5734a074b57042430fb06e1d61bd1e11b078c0fe6d7a1f1"
            ],
            "index": "pypi",
            "version": "==0.3.9"
        },
        "django": {
            "hashes": [
                "sha256:a32c22af23634e1d11425574dce756098e015a165be02e4690179889b207c7a8",
                "sha256:d6393918da830530a9516bbbcbf7f1214c3d733738779f06b0f649f49cc698c3"
            ],
            "index": "pypi",
            "version": "==2.1.5"
        },
        "django-crispy-forms": {
            "hashes": [
                "sha256:5952bab971110d0b86c278132dae0aa095beee8f723e625c3d3fa28888f1675f",
                "sha256:705ededc554ad8736157c666681165fe22ead2dec0d5446d65fc9dd976a5a876"
            ],
            "index": "pypi",
            "version": "==1.7.2"
        },
        "django-s3-storage": {
            "hashes": [
                "sha256:57a6b6ca3efde28b7612d4d9f6f8622c4fdd11aa933e1d9f07a5da722a54eff3"
            ],
            "index": "pypi",
            "version": "==0.12.4"
        },
        "django-storages": {
            "hashes": [
                "sha256:8e35d2c7baeda5dc6f0b4f9a0fc142d25f9a1bf72b8cebfcbc5db4863abc552d",
                "sha256:b1a63cd5ea286ee5a9fb45de6c3c5c0ae132d58308d06f1ce9865cfcd5e470a7"
            ],
            "index": "pypi",
            "version": "==1.7.1"
        },
        "docopt": {
            "hashes": [
                "sha256:49b3a825280bd66b3aa83585ef59c4a8c82f2c8a522dbe754a8bc8d08c85c491"
            ],
            "index": "pypi",
            "version": "==0.6.2"
        },
        "docutils": {
            "hashes": [
                "sha256:02aec4bd92ab067f6ff27a38a38a41173bf01bed8f89157768c1573f53e474a6",
                "sha256:51e64ef2ebfb29cae1faa133b3710143496eca21c530f3f71424d77687764274",
                "sha256:7a4bd47eaf6596e1295ecb11361139febe29b084a87bf005bf899f9a42edc3c6"
            ],
            "index": "pypi",
            "version": "==0.14"
        },
        "durationpy": {
            "hashes": [
                "sha256:5ef9416b527b50d722f34655becfb75e49228eb82f87b855ed1911b3314b5408"
            ],
            "index": "pypi",
            "version": "==0.5"
        },
        "future": {
            "hashes": [
                "sha256:e39ced1ab767b5936646cedba8bcce582398233d6a627067d4c6a454c90cfedb"
            ],
            "index": "pypi",
            "version": "==0.16.0"
        },
        "hjson": {
            "hashes": [
                "sha256:1d1727faa6aaef2973921877125a3ab7c5f6d34b93233179d01770f41fab51f9",
                "sha256:febbfbd43e64d2a822efe8b6c720683954b48c0bb1532170c05a7fc8470d3426"
            ],
            "index": "pypi",
            "version": "==3.0.1"
        },
        "idna": {
            "hashes": [
                "sha256:c357b3f628cf53ae2c4c05627ecc484553142ca23264e593d327bcde5e9c3407",
                "sha256:ea8b7f6188e6fa117537c3df7da9fc686d485087abf6ac197f9c46432f7e4a3c"
            ],
            "index": "pypi",
            "version": "==2.8"
        },
        "isort": {
            "hashes": [
                "sha256:1153601da39a25b14ddc54955dbbacbb6b2d19135386699e2ad58517953b34af",
                "sha256:b9c40e9750f3d77e6e4d441d8b0266cf555e7cdabdcff33c4fd06366ca761ef8",
                "sha256:ec9ef8f4a9bc6f71eec99e1806bfa2de401650d996c59330782b89a5555c1497"
            ],
            "index": "pypi",
            "version": "==4.3.4"
        },
        "jmespath": {
            "hashes": [
                "sha256:6a81d4c9aa62caf061cb517b4d9ad1dd300374cd4706997aff9cd6aedd61fc64",
                "sha256:f11b4461f425740a1d908e9a3f7365c3d2e569f6ca68a2ff8bc5bcd9676edd63"
            ],
            "index": "pypi",
            "version": "==0.9.3"
        },
        "kappa": {
            "hashes": [
                "sha256:4b5b372872f25d619e427e04282551048dc975a107385b076b3ffc6406a15833",
                "sha256:4d6b7b3accce4a0aaaac92b36237a6304f0f2fffbbe3caea3f7c9f52d12c9989"
            ],
            "index": "pypi",
            "version": "==0.6.0"
        },
        "lambda-packages": {
            "hashes": [
                "sha256:b5e3b81ecef5f7c1b0903b5c40813536ba2343a33868a567e4e4ff1e26243406"
            ],
            "index": "pypi",
            "version": "==0.20.0"
        },
        "lazy-object-proxy": {
            "hashes": [
                "sha256:0ce34342b419bd8f018e6666bfef729aec3edf62345a53b537a4dcc115746a33",
                "sha256:1b668120716eb7ee21d8a38815e5eb3bb8211117d9a90b0f8e21722c0758cc39",
                "sha256:209615b0fe4624d79e50220ce3310ca1a9445fd8e6d3572a896e7f9146bbf019",
                "sha256:27bf62cb2b1a2068d443ff7097ee33393f8483b570b475db8ebf7e1cba64f088",
                "sha256:27ea6fd1c02dcc78172a82fc37fcc0992a94e4cecf53cb6d73f11749825bd98b",
                "sha256:2c1b21b44ac9beb0fc848d3993924147ba45c4ebc24be19825e57aabbe74a99e",
                "sha256:2df72ab12046a3496a92476020a1a0abf78b2a7db9ff4dc2036b8dd980203ae6",
                "sha256:320ffd3de9699d3892048baee45ebfbbf9388a7d65d832d7e580243ade426d2b",
                "sha256:50e3b9a464d5d08cc5227413db0d1c4707b6172e4d4d915c1c70e4de0bbff1f5",
                "sha256:5276db7ff62bb7b52f77f1f51ed58850e315154249aceb42e7f4c611f0f847ff",
                "sha256:61a6cf00dcb1a7f0c773ed4acc509cb636af2d6337a08f362413c76b2b47a8dd",
                "sha256:6ae6c4cb59f199d8827c5a07546b2ab7e85d262acaccaacd49b62f53f7c456f7",
                "sha256:7661d401d60d8bf15bb5da39e4dd72f5d764c5aff5a86ef52a042506e3e970ff",
                "sha256:7bd527f36a605c914efca5d3d014170b2cb184723e423d26b1fb2fd9108e264d",
                "sha256:7cb54db3535c8686ea12e9535eb087d32421184eacc6939ef15ef50f83a5e7e2",
                "sha256:7f3a2d740291f7f2c111d86a1c4851b70fb000a6c8883a59660d95ad57b9df35",
                "sha256:81304b7d8e9c824d058087dcb89144842c8e0dea6d281c031f59f0acf66963d4",
                "sha256:933947e8b4fbe617a51528b09851685138b49d511af0b6c0da2539115d6d4514",
                "sha256:94223d7f060301b3a8c09c9b3bc3294b56b2188e7d8179c762a1cda72c979252",
                "sha256:ab3ca49afcb47058393b0122428358d2fbe0408cf99f1b58b295cfeb4ed39109",
                "sha256:bd6292f565ca46dee4e737ebcc20742e3b5be2b01556dafe169f6c65d088875f",
                "sha256:cb924aa3e4a3fb644d0c463cad5bc2572649a6a3f68a7f8e4fbe44aaa6d77e4c",
                "sha256:d0fc7a286feac9077ec52a927fc9fe8fe2fabab95426722be4c953c9a8bede92",
                "sha256:ddc34786490a6e4ec0a855d401034cbd1242ef186c20d79d2166d6a4bd449577",
                "sha256:e34b155e36fa9da7e1b7c738ed7767fc9491a62ec6af70fe9da4a057759edc2d",
                "sha256:e5b9e8f6bda48460b7b143c3821b21b452cb3a835e6bbd5dd33aa0c8d3f5137d",
                "sha256:e81ebf6c5ee9684be8f2c87563880f93eedd56dd2b6146d8a725b50b7e5adb0f",
                "sha256:eb91be369f945f10d3a49f5f9be8b3d0b93a4c2be8f8a5b83b0571b8123e0a7a",
                "sha256:f460d1ceb0e4a5dcb2a652db0904224f367c9b3c1470d5a7683c0480e582468b"
            ],
            "index": "pypi",
            "version": "==1.3.1"
        },
        "mccabe": {
            "hashes": [
                "sha256:ab8a6258860da4b6677da4bd2fe5dc2c659cff31b3ee4f7f5d64e79735b80d42",
                "sha256:dd8d182285a0fe56bace7f45b5e7d1a6ebcbf524e8f3bd87eb0f125271b8831f"
            ],
            "index": "pypi",
            "version": "==0.6.1"
        },
        "mistune": {
            "hashes": [
                "sha256:59a3429db53c50b5c6bcc8a07f8848cb00d7dc8bdb431a4ab41920d201d4756e",
                "sha256:88a1051873018da288eee8538d476dffe1262495144b33ecb586c4ab266bb8d4"
            ],
            "index": "pypi",
            "version": "==0.8.4"
        },
        "pillow": {
            "hashes": [
                "sha256:01bb0a34f1a6689b138c0089d670ae2e8f886d2666a9b2f2019031abdea673c4",
                "sha256:07872f1d8421db5a3fe770f7480835e5e90fddb58f36c216d4a2ac0d594de474",
                "sha256:1022f8f6dc3c5b0dcf928f1c49ba2ac73051f576af100d57776e2b65c1f76a8d",
                "sha256:14415e9e28410232370615dbde0cf0a00e526f522f665460344a5b96973a3086",
                "sha256:172acfaf00434a28dddfe592d83f2980e22e63c769ff4a448ddf7b7a38ffd165",
                "sha256:1c5e3c36f02c815766ae9dd91899b1c5b4652f2a37b7a51609f3bd467c0f11fb",
                "sha256:292f2aa1ae5c5c1451cb4b558addb88c257411d3fd71c6cf45562911baffc979",
                "sha256:2a40d7d4b17db87f5b9a1efc0aff56000e1d0d5ece415090c102aafa0ccbe858",
                "sha256:2f0d7034d5faae9a8d1019d152ede924f653df2ce77d3bba4ce62cd21b5f94ae",
                "sha256:33fdbd4f5608c852d97264f9d2e3b54e9e9959083d008145175b86100b275e5b",
                "sha256:3b13d89d97b551e02549d1f0edf22bed6acfd6fd2e888cd1e9a953bf215f0e81",
                "sha256:3e759bcc03d6f39bc751e56d86bc87252b9a21c689a27c5ed753717a87d53a5b",
                "sha256:3ec87bd1248b23a2e4e19e774367fbe30fddc73913edc5f9b37470624f55dc1f",
                "sha256:436b0a2dd9fe3f7aa6a444af6bdf53c1eb8f5ced9ea3ef104daa83f0ea18e7bc",
                "sha256:43b3c859912e8bf754b3c5142df624794b18eb7ae07cfeddc917e1a9406a3ef2",
                "sha256:4fe74636ee71c57a7f65d7b21a9f127d842b4fb75511e5d256ace258826eb352",
                "sha256:59445af66b59cc39530b4f810776928d75e95f41e945f0c32a3de4aceb93c15d",
                "sha256:69da5b1d7102a61ce9b45deb2920a2012d52fd8f4201495ea9411d0071b0ec22",
                "sha256:7094bbdecb95ebe53166e4c12cf5e28310c2b550b08c07c5dc15433898e2238e",
                "sha256:8211cac9bf10461f9e33fe9a3af6c5131f3fdd0d10672afc2abb2c70cf95c5ca",
                "sha256:8cf77e458bd996dc85455f10fe443c0c946f5b13253773439bcbec08aa1aebc2",
                "sha256:924fc33cb4acaf6267b8ca3b8f1922620d57a28470d5e4f49672cea9a841eb08",
                "sha256:99ce3333b40b7a4435e0a18baad468d44ab118a4b1da0af0a888893d03253f1d",
                "sha256:a7d690b2c5f7e4a932374615fedceb1e305d2dd5363c1de15961725fe10e7d16",
                "sha256:b9af590adc1e46898a1276527f3cfe2da8048ae43fbbf9b1bf9395f6c99d9b47",
                "sha256:bb18422ad00c1fecc731d06592e99c3be2c634da19e26942ba2f13d805005cf2",
                "sha256:c10af40ee2f1a99e1ae755ab1f773916e8bca3364029a042cd9161c400416bd8",
                "sha256:c143c409e7bc1db784471fe9d0bf95f37c4458e879ad84cfae640cb74ee11a26",
                "sha256:c448d2b335e21951416a30cd48d35588d122a912d5fe9e41900afacecc7d21a1",
                "sha256:d30f30c044bdc0ab8f3924e1eeaac87e0ff8a27e87369c5cac4064b6ec78fd83",
                "sha256:df534e64d4f3e84e8f1e1a37da3f541555d947c1c1c09b32178537f0f243f69d",
                "sha256:f6fc18f9c9c7959bf58e6faf801d14fafb6d4717faaf6f79a68c8bb2a13dcf20",
                "sha256:ff83dfeb04c98bb3e7948f876c17513a34e9a19fd92e292288649164924c1b39"
            ],
            "index": "pypi",
            "version": "==8.1.1"
        },
        "pipreqs": {
            "hashes": [
                "sha256:2dfa21631cb68a97515e222d6f0033b5bfb75823567ca2195d528efb18c97990",
                "sha256:cec6eecc4685967b27eb386037565a737d036045f525b9eb314631a68d60e4bc"
            ],
            "index": "pypi",
            "version": "==0.4.9"
        },
        "placebo": {
            "hashes": [
                "sha256:40269b5eeaf1ee9a28491ef982c722d1aebff577a0815528906bf392a10265a5"
            ],
            "index": "pypi",
            "version": "==0.8.2"
        },
        "pyasn1": {
            "hashes": [
                "sha256:da2420fe13a9452d8ae97a0e478adde1dee153b11ba832a95b223a2ba01c10f7",
                "sha256:da6b43a8c9ae93bc80e2739efb38cc776ba74a886e3e9318d65fe81a8b8a2c6e"
            ],
            "index": "pypi",
            "version": "==0.4.5"
        },
        "pygments": {
            "hashes": [
                "sha256:5ffada19f6203563680669ee7f53b64dabbeb100eb51b61996085e99c03b284a",
                "sha256:e8218dd399a61674745138520d0d4cf2621d7e032439341bc3f647bff125818d"
            ],
            "index": "pypi",
            "version": "==2.3.1"
        },
        "pylint": {
            "hashes": [
                "sha256:689de29ae747642ab230c6d37be2b969bf75663176658851f456619aacf27492",
                "sha256:771467c434d0d9f081741fec1d64dfb011ed26e65e12a28fe06ca2f61c4d556c"
            ],
            "index": "pypi",
            "version": "==2.2.2"
        },
        "python-dateutil": {
            "hashes": [
                "sha256:891c38b2a02f5bb1be3e4793866c8df49c7d19baabf9c1bad62547e0b4866aca",
                "sha256:95511bae634d69bc7329ba55e646499a842bc4ec342ad54a8cdb65645a0aad3c"
            ],
            "index": "pypi",
            "version": "==2.6.1"
        },
        "python-slugify": {
            "hashes": [
                "sha256:57a385df7a1c6dbd15f7666eaff0ff29d3f60363b228b1197c5308ed3ba5f824",
                "sha256:c3733135d3b184196fdb8844f6a74bbfb9cf6720d1dcce3254bdc434353f938f"
            ],
            "index": "pypi",
            "version": "==1.2.4"
        },
        "pytz": {
            "hashes": [
                "sha256:32b0891edff07e28efe91284ed9c31e123d84bea3fd98e1f72be2508f43ef8d9",
                "sha256:d5f05e487007e29e03409f9398d074e158d920d36eb82eaf66fb1136b0c5374c"
            ],
            "index": "pypi",
            "version": "==2018.9"
        },
        "pyyaml": {
            "hashes": [
                "sha256:3d7da3009c0f3e783b2c873687652d83b1bbfd5c88e9813fb7e5b03c0dd3108b",
                "sha256:3ef3092145e9b70e3ddd2c7ad59bdd0252a94dfe3949721633e41344de00a6bf",
                "sha256:40c71b8e076d0550b2e6380bada1f1cd1017b882f7e16f09a65be98e017f211a",
                "sha256:558dd60b890ba8fd982e05941927a3911dc409a63dcb8b634feaa0cda69330d3",
                "sha256:a7c28b45d9f99102fa092bb213aa12e0aaf9a6a1f5e395d36166639c1f96c3a1",
                "sha256:aa7dd4a6a427aed7df6fb7f08a580d68d9b118d90310374716ae90b710280af1",
                "sha256:bc558586e6045763782014934bfaf39d48b8ae85a2713117d16c39864085c613",
                "sha256:d46d7982b62e0729ad0175a9bc7e10a566fc07b224d2c79fafb5e032727eaa04",
                "sha256:d5eef459e30b09f5a098b9cea68bebfeb268697f78d647bd255a085371ac7f3f",
                "sha256:e01d3203230e1786cd91ccfdc8f8454c8069c91bee3962ad93b87a4b2860f537",
                "sha256:e170a9e6fcfd19021dd29845af83bb79236068bf5fd4df3327c1be18182b2531"
            ],
            "index": "pypi",
            "version": "==3.13"
        },
        "requests": {
            "hashes": [
                "sha256:502a824f31acdacb3a35b6690b5fbf0bc41d63a24a45c4004352b0242707598e",
                "sha256:7bf2a778576d825600030a110f3c0e3e8edc51dfaafe1c146e39a2027784957b"
            ],
            "index": "pypi",
            "version": "==2.21.0"
        },
        "rsa": {
            "hashes": [
                "sha256:25df4e10c263fb88b5ace923dd84bf9aa7f5019687b5e55382ffcdb8bede9db5",
                "sha256:43f682fea81c452c98d09fc316aae12de6d30c4b5c84226642cf8f8fd1c93abd"
            ],
            "index": "pypi",
            "version": "==3.4.2"
        },
        "s3transfer": {
            "hashes": [
                "sha256:7b9ad3213bff7d357f888e0fab5101b56fa1a0548ee77d121c3a3dbfbef4cb2e",
                "sha256:f23d5cb7d862b104401d9021fc82e5fa0e0cf57b7660a1331425aab0c691d021"
            ],
            "index": "pypi",
            "version": "==0.2.0"
        },
        "six": {
            "hashes": [
                "sha256:3350809f0555b11f552448330d0b52d5f24c91a322ea4a15ef22629740f3761c",
                "sha256:d16a0141ec1a18405cd4ce8b4613101da75da0e9a7aec5bdd4fa804d0e0eba73"
            ],
            "index": "pypi",
            "version": "==1.12.0"
        },
        "toml": {
            "hashes": [
                "sha256:229f81c57791a41d65e399fc06bf0848bab550a9dfd5ed66df18ce5f05e73d5c",
                "sha256:235682dd292d5899d361a811df37e04a8828a5b1da3115886b73cf81ebc9100e"
            ],
            "index": "pypi",
            "version": "==0.10.0"
        },
        "tqdm": {
            "hashes": [
                "sha256:ba650e08b8b102923a05896bf9d7e1c9cdc20b484156df0511a4bbf1f6b6f89b",
                "sha256:fa6d2ea6285f56e75d7efe9259805deadc450f16066a1f82ad0629ea9be2cd0f"
            ],
            "index": "pypi",
            "version": "==4.19.1"
        },
        "troposphere": {
            "hashes": [
                "sha256:57123e77f662b6969617ae170b691fb8a58a93c6e942a534fccd416cb62f466c"
            ],
            "index": "pypi",
            "version": "==2.4.2"
        },
        "typed-ast": {
            "hashes": [
                "sha256:023625bfa9359e29bd6e24cac2a4503495b49761d48a5f1e38333fc4ac4d93fe",
                "sha256:07591f7a5fdff50e2e566c4c1e9df545c75d21e27d98d18cb405727ed0ef329c",
                "sha256:153e526b0f4ffbfada72d0bb5ffe8574ba02803d2f3a9c605c8cf99dfedd72a2",
                "sha256:3ad2bdcd46a4a1518d7376e9f5016d17718a9ed3c6a3f09203d832f6c165de4a",
                "sha256:3ea98c84df53ada97ee1c5159bb3bc784bd734231235a1ede14c8ae0775049f7",
                "sha256:51a7141ccd076fa561af107cfb7a8b6d06a008d92451a1ac7e73149d18e9a827",
                "sha256:52c93cd10e6c24e7ac97e8615da9f224fd75c61770515cb323316c30830ddb33",
                "sha256:6344c84baeda3d7b33e157f0b292e4dd53d05ddb57a63f738178c01cac4635c9",
                "sha256:64699ca1b3bd5070bdeb043e6d43bc1d0cebe08008548f4a6bee782b0ecce032",
                "sha256:74903f2e56bbffe29282ef8a5487d207d10be0f8513b41aff787d954a4cf91c9",
                "sha256:7891710dba83c29ee2bd51ecaa82f60f6bede40271af781110c08be134207bf2",
                "sha256:91976c56224e26c256a0de0f76d2004ab885a29423737684b4f7ebdd2f46dde2",
                "sha256:9bad678a576ecc71f25eba9f1e3fd8d01c28c12a2834850b458428b3e855f062",
                "sha256:b4726339a4c180a8b6ad9d8b50d2b6dc247e1b79b38fe2290549c98e82e4fd15",
                "sha256:ba36f6aa3f8933edf94ea35826daf92cbb3ec248b89eccdc053d4a815d285357",
                "sha256:bbc96bde544fd19e9ef168e4dfa5c3dfe704bfa78128fa76f361d64d6b0f731a",
                "sha256:c0c927f1e44469056f7f2dada266c79b577da378bbde3f6d2ada726d131e4824",
                "sha256:c0f9a3708008aa59f560fa1bd22385e05b79b8e38e0721a15a8402b089243442",
                "sha256:f0bf6f36ff9c5643004171f11d2fdc745aa3953c5aacf2536a0685db9ceb3fb1",
                "sha256:f5be39a0146be663cbf210a4d95c3c58b2d7df7b043c9047c5448e358f0550a2",
                "sha256:fcd198bf19d9213e5cbf2cde2b9ef20a9856e716f76f9476157f90ae6de06cc6"
            ],
            "index": "pypi",
            "version": "==1.2.0"
        },
        "unidecode": {
            "hashes": [
                "sha256:092cdf7ad9d1052c50313426a625b717dab52f7ac58f859e09ea020953b1ad8f",
                "sha256:8b85354be8fd0c0e10adbf0675f6dc2310e56fda43fa8fe049123b6c475e52fb"
            ],
            "index": "pypi",
            "version": "==1.0.23"
        },
        "urllib3": {
            "hashes": [
                "sha256:61bf29cada3fc2fbefad4fdf059ea4bd1b4a86d2b6d15e1c7c0b582b9752fe39",
                "sha256:de9529817c93f27c8ccbfead6985011db27bd0ddfcdb2d86f3f663385c6a9c22"
            ],
            "index": "pypi",
            "version": "==1.24.1"
        },
        "werkzeug": {
            "hashes": [
                "sha256:c3fd7a7d41976d9f44db327260e263132466836cef6f91512889ed60ad26557c",
                "sha256:d5da73735293558eb1651ee2fddc4d0dedcfa06538b8813a2e20011583c9e49b"
            ],
            "index": "pypi",
            "version": "==0.14.1"
        },
        "wheel": {
            "hashes": [
                "sha256:78b5b185f0e5763c26ca1e324373aadd49182ca90e825f7853f4b2509215dc0e",
                "sha256:e11eefd162658ea59a60a0f6c7d493a7190ea4b9a85e335b33489d9f17e0245e"
            ],
            "version": "==0.36.2"
        },
        "wrapt": {
            "hashes": [
                "sha256:4aea003270831cceb8a90ff27c4031da6ead7ec1886023b80ce0dfe0adf61533"
            ],
            "index": "pypi",
            "version": "==1.11.1"
        },
        "wsgi-request-logger": {
            "hashes": [
                "sha256:445d7ec52799562f812006394d0b4a7064b37084c6ea6bd74ea7a2136c97ed83"
            ],
            "index": "pypi",
            "version": "==0.4.6"
        },
        "yarg": {
            "hashes": [
                "sha256:4f9cebdc00fac946c9bf2783d634e538a71c7d280a4d806d45fd4dc0ef441492",
                "sha256:55695bf4d1e3e7f756496c36a69ba32c40d18f821e38f61d028f6049e5e15911"
            ],
            "index": "pypi",
            "version": "==0.1.9"
        },
        "zappa": {
            "hashes": [
                "sha256:6dfc7ce283a026cac1850356b7bb50b3602e1fd84119b6a9ded79bea46ff0934",
                "sha256:e1ee01ae748d76c5903bde86aa01d5d32b3745843f9c909ddf8966907861da1f",
                "sha256:f5b4dfe2170d112249b647283f1f0352558325a807afb6f98156fa12ae29bf4e"
            ],
            "index": "pypi",
            "version": "==0.47.1"
        }
    },
    "develop": {
        "astroid": {
            "hashes": [
                "sha256:35b032003d6a863f5dcd7ec11abd5cd5893428beaa31ab164982403bcb311f22",
                "sha256:6a5d668d7dc69110de01cdf7aeec69a679ef486862a0850cc0fd5571505b6b7e"
            ],
            "index": "pypi",
            "version": "==2.1.0"
        },
        "certifi": {
            "hashes": [
                "sha256:47f9c83ef4c0c621eaef743f133f09fa8a74a9b75f037e8624f83bd1b6626cb7",
                "sha256:993f830721089fef441cdfeb4b2c8c9df86f0c63239f06bd025a76a7daddb033"
            ],
            "index": "pypi",
            "version": "==2018.11.29"
        },
        "chardet": {
            "hashes": [
                "sha256:84ab92ed1c4d4f16916e05906b6b75a6c0fb5db821cc65e70cbd64a3e2a5eaae",
                "sha256:fc323ffcaeaed0e0a02bf4d117757b98aed530d9ed4531e3e15460124c106691"
            ],
            "index": "pypi",
            "version": "==3.0.4"
        },
        "docopt": {
            "hashes": [
                "sha256:49b3a825280bd66b3aa83585ef59c4a8c82f2c8a522dbe754a8bc8d08c85c491"
            ],
            "index": "pypi",
            "version": "==0.6.2"
        },
        "idna": {
            "hashes": [
                "sha256:c357b3f628cf53ae2c4c05627ecc484553142ca23264e593d327bcde5e9c3407",
                "sha256:ea8b7f6188e6fa117537c3df7da9fc686d485087abf6ac197f9c46432f7e4a3c"
            ],
            "index": "pypi",
            "version": "==2.8"
        },
        "isort": {
            "hashes": [
                "sha256:1153601da39a25b14ddc54955dbbacbb6b2d19135386699e2ad58517953b34af",
                "sha256:b9c40e9750f3d77e6e4d441d8b0266cf555e7cdabdcff33c4fd06366ca761ef8",
                "sha256:ec9ef8f4a9bc6f71eec99e1806bfa2de401650d996c59330782b89a5555c1497"
            ],
            "index": "pypi",
            "version": "==4.3.4"
        },
        "lazy-object-proxy": {
            "hashes": [
                "sha256:0ce34342b419bd8f018e6666bfef729aec3edf62345a53b537a4dcc115746a33",
                "sha256:1b668120716eb7ee21d8a38815e5eb3bb8211117d9a90b0f8e21722c0758cc39",
                "sha256:209615b0fe4624d79e50220ce3310ca1a9445fd8e6d3572a896e7f9146bbf019",
                "sha256:27bf62cb2b1a2068d443ff7097ee33393f8483b570b475db8ebf7e1cba64f088",
                "sha256:27ea6fd1c02dcc78172a82fc37fcc0992a94e4cecf53cb6d73f11749825bd98b",
                "sha256:2c1b21b44ac9beb0fc848d3993924147ba45c4ebc24be19825e57aabbe74a99e",
                "sha256:2df72ab12046a3496a92476020a1a0abf78b2a7db9ff4dc2036b8dd980203ae6",
                "sha256:320ffd3de9699d3892048baee45ebfbbf9388a7d65d832d7e580243ade426d2b",
                "sha256:50e3b9a464d5d08cc5227413db0d1c4707b6172e4d4d915c1c70e4de0bbff1f5",
                "sha256:5276db7ff62bb7b52f77f1f51ed58850e315154249aceb42e7f4c611f0f847ff",
                "sha256:61a6cf00dcb1a7f0c773ed4acc509cb636af2d6337a08f362413c76b2b47a8dd",
                "sha256:6ae6c4cb59f199d8827c5a07546b2ab7e85d262acaccaacd49b62f53f7c456f7",
                "sha256:7661d401d60d8bf15bb5da39e4dd72f5d764c5aff5a86ef52a042506e3e970ff",
                "sha256:7bd527f36a605c914efca5d3d014170b2cb184723e423d26b1fb2fd9108e264d",
                "sha256:7cb54db3535c8686ea12e9535eb087d32421184eacc6939ef15ef50f83a5e7e2",
                "sha256:7f3a2d740291f7f2c111d86a1c4851b70fb000a6c8883a59660d95ad57b9df35",
                "sha256:81304b7d8e9c824d058087dcb89144842c8e0dea6d281c031f59f0acf66963d4",
                "sha256:933947e8b4fbe617a51528b09851685138b49d511af0b6c0da2539115d6d4514",
                "sha256:94223d7f060301b3a8c09c9b3bc3294b56b2188e7d8179c762a1cda72c979252",
                "sha256:ab3ca49afcb47058393b0122428358d2fbe0408cf99f1b58b295cfeb4ed39109",
                "sha256:bd6292f565ca46dee4e737ebcc20742e3b5be2b01556dafe169f6c65d088875f",
                "sha256:cb924aa3e4a3fb644d0c463cad5bc2572649a6a3f68a7f8e4fbe44aaa6d77e4c",
                "sha256:d0fc7a286feac9077ec52a927fc9fe8fe2fabab95426722be4c953c9a8bede92",
                "sha256:ddc34786490a6e4ec0a855d401034cbd1242ef186c20d79d2166d6a4bd449577",
                "sha256:e34b155e36fa9da7e1b7c738ed7767fc9491a62ec6af70fe9da4a057759edc2d",
                "sha256:e5b9e8f6bda48460b7b143c3821b21b452cb3a835e6bbd5dd33aa0c8d3f5137d",
                "sha256:e81ebf6c5ee9684be8f2c87563880f93eedd56dd2b6146d8a725b50b7e5adb0f",
                "sha256:eb91be369f945f10d3a49f5f9be8b3d0b93a4c2be8f8a5b83b0571b8123e0a7a",
                "sha256:f460d1ceb0e4a5dcb2a652db0904224f367c9b3c1470d5a7683c0480e582468b"
            ],
            "index": "pypi",
            "version": "==1.3.1"
        },
        "mccabe": {
            "hashes": [
                "sha256:ab8a6258860da4b6677da4bd2fe5dc2c659cff31b3ee4f7f5d64e79735b80d42",
                "sha256:dd8d182285a0fe56bace7f45b5e7d1a6ebcbf524e8f3bd87eb0f125271b8831f"
            ],
            "index": "pypi",
            "version": "==0.6.1"
        },
        "pipreqs": {
            "hashes": [
                "sha256:2dfa21631cb68a97515e222d6f0033b5bfb75823567ca2195d528efb18c97990",
                "sha256:cec6eecc4685967b27eb386037565a737d036045f525b9eb314631a68d60e4bc"
            ],
            "index": "pypi",
            "version": "==0.4.9"
        },
        "pylint": {
            "hashes": [
                "sha256:689de29ae747642ab230c6d37be2b969bf75663176658851f456619aacf27492",
                "sha256:771467c434d0d9f081741fec1d64dfb011ed26e65e12a28fe06ca2f61c4d556c"
            ],
            "index": "pypi",
            "version": "==2.2.2"
        },
        "requests": {
            "hashes": [
                "sha256:502a824f31acdacb3a35b6690b5fbf0bc41d63a24a45c4004352b0242707598e",
                "sha256:7bf2a778576d825600030a110f3c0e3e8edc51dfaafe1c146e39a2027784957b"
            ],
            "index": "pypi",
            "version": "==2.21.0"
        },
        "typed-ast": {
            "hashes": [
                "sha256:023625bfa9359e29bd6e24cac2a4503495b49761d48a5f1e38333fc4ac4d93fe",
                "sha256:07591f7a5fdff50e2e566c4c1e9df545c75d21e27d98d18cb405727ed0ef329c",
                "sha256:153e526b0f4ffbfada72d0bb5ffe8574ba02803d2f3a9c605c8cf99dfedd72a2",
                "sha256:3ad2bdcd46a4a1518d7376e9f5016d17718a9ed3c6a3f09203d832f6c165de4a",
                "sha256:3ea98c84df53ada97ee1c5159bb3bc784bd734231235a1ede14c8ae0775049f7",
                "sha256:51a7141ccd076fa561af107cfb7a8b6d06a008d92451a1ac7e73149d18e9a827",
                "sha256:52c93cd10e6c24e7ac97e8615da9f224fd75c61770515cb323316c30830ddb33",
                "sha256:6344c84baeda3d7b33e157f0b292e4dd53d05ddb57a63f738178c01cac4635c9",
                "sha256:64699ca1b3bd5070bdeb043e6d43bc1d0cebe08008548f4a6bee782b0ecce032",
                "sha256:74903f2e56bbffe29282ef8a5487d207d10be0f8513b41aff787d954a4cf91c9",
                "sha256:7891710dba83c29ee2bd51ecaa82f60f6bede40271af781110c08be134207bf2",
                "sha256:91976c56224e26c256a0de0f76d2004ab885a29423737684b4f7ebdd2f46dde2",
                "sha256:9bad678a576ecc71f25eba9f1e3fd8d01c28c12a2834850b458428b3e855f062",
                "sha256:b4726339a4c180a8b6ad9d8b50d2b6dc247e1b79b38fe2290549c98e82e4fd15",
                "sha256:ba36f6aa3f8933edf94ea35826daf92cbb3ec248b89eccdc053d4a815d285357",
                "sha256:bbc96bde544fd19e9ef168e4dfa5c3dfe704bfa78128fa76f361d64d6b0f731a",
                "sha256:c0c927f1e44469056f7f2dada266c79b577da378bbde3f6d2ada726d131e4824",
                "sha256:c0f9a3708008aa59f560fa1bd22385e05b79b8e38e0721a15a8402b089243442",
                "sha256:f0bf6f36ff9c5643004171f11d2fdc745aa3953c5aacf2536a0685db9ceb3fb1",
                "sha256:f5be39a0146be663cbf210a4d95c3c58b2d7df7b043c9047c5448e358f0550a2",
                "sha256:fcd198bf19d9213e5cbf2cde2b9ef20a9856e716f76f9476157f90ae6de06cc6"
            ],
            "index": "pypi",
            "version": "==1.2.0"
        },
        "urllib3": {
            "hashes": [
                "sha256:61bf29cada3fc2fbefad4fdf059ea4bd1b4a86d2b6d15e1c7c0b582b9752fe39",
                "sha256:de9529817c93f27c8ccbfead6985011db27bd0ddfcdb2d86f3f663385c6a9c22"
            ],
            "index": "pypi",
            "version": "==1.24.1"
        },
        "wrapt": {
            "hashes": [
                "sha256:4aea003270831cceb8a90ff27c4031da6ead7ec1886023b80ce0dfe0adf61533"
            ],
            "index": "pypi",
            "version": "==1.11.1"
        },
        "yarg": {
            "hashes": [
                "sha256:4f9cebdc00fac946c9bf2783d634e538a71c7d280a4d806d45fd4dc0ef441492",
                "sha256:55695bf4d1e3e7f756496c36a69ba32c40d18f821e38f61d028f6049e5e15911"
            ],
            "index": "pypi",
            "version": "==0.1.9"
        }
    }
}
